
Microsoft Visual Studio Solution File, Format Version 12.00
Project("{FAE04EC0-301F-11D3-BF4B-00C04F79EFBC}") = "SharpGP_Structures", "SharpGP_Structures\SharpGP_Structures.csproj", "{29D10F35-3E71-445C-BCEC-518A0358BC66}"
EndProject
Project("{FAE04EC0-301F-11D3-BF4B-00C04F79EFBC}") = "SharpGP", "SharpGP\SharpGP.csproj", "{2A83326E-7B9E-4EF3-A865-A4540B77BEA4}"
EndProject
Project("{FAE04EC0-301F-11D3-BF4B-00C04F79EFBC}") = "TestSuiteGenerator", "TestSuiteGenerator\TestSuiteGenerator.csproj", "{DAA6173F-5C3C-4ADF-8887-A0499846ACD4}"
EndProject
Global
	GlobalSection(SolutionConfigurationPlatforms) = preSolution
		Debug|Any CPU = Debug|Any CPU
		Release|Any CPU = Release|Any CPU
	EndGlobalSection
	GlobalSection(ProjectConfigurationPlatforms) = postSolution
		{29D10F35-3E71-445C-BCEC-518A0358BC66}.Debug|Any CPU.ActiveCfg = Debug|Any CPU
		{29D10F35-3E71-445C-BCEC-518A0358BC66}.Debug|Any CPU.Build.0 = Debug|Any CPU
		{29D10F35-3E71-445C-BCEC-518A0358BC66}.Release|Any CPU.ActiveCfg = Release|Any CPU
		{29D10F35-3E71-445C-BCEC-518A0358BC66}.Release|Any CPU.Build.0 = Release|Any CPU
		{2A83326E-7B9E-4EF3-A865-A4540B77BEA4}.Debug|Any CPU.ActiveCfg = Debug|Any CPU
		{2A83326E-7B9E-4EF3-A865-A4540B77BEA4}.Debug|Any CPU.Build.0 = Debug|Any CPU
		{2A83326E-7B9E-4EF3-A865-A4540B77BEA4}.Release|Any CPU.ActiveCfg = Release|Any CPU
		{2A83326E-7B9E-4EF3-A865-A4540B77BEA4}.Release|Any CPU.Build.0 = Release|Any CPU
		{DAA6173F-5C3C-4ADF-8887-A0499846ACD4}.Debug|Any CPU.ActiveCfg = Debug|Any CPU
		{DAA6173F-5C3C-4ADF-8887-A0499846ACD4}.Debug|Any CPU.Build.0 = Debug|Any CPU
		{DAA6173F-5C3C-4ADF-8887-A0499846ACD4}.Release|Any CPU.ActiveCfg = Release|Any CPU
		{DAA6173F-5C3C-4ADF-8887-A0499846ACD4}.Release|Any CPU.Build.0 = Release|Any CPU
	EndGlobalSection
EndGlobal
